[[package]]
name = "numpy"
version = "1.22.2"
description = "NumPy is the fundamental package for array computing with Python."
category = "main"
optional = false
python-versions = ">=3.8"

[metadata]
lock-version = "1.1"
python-versions = ">=3.8.0,<3.9"
content-hash = "aff373253c7dfba5ffb39abcd42622aff6370f3677a7bbbceff4e477ed202c9d"

[metadata.files]
numpy = [
    {file = "numpy-1.22.2-cp310-cp310-macosx_10_14_x86_64.whl", hash = "sha256:515a8b6edbb904594685da6e176ac9fbea8f73a5ebae947281de6613e27f1956"},
    {file = "numpy-1.22.2-cp310-cp310-macosx_11_0_arm64.whl", hash = "sha256:76a4f9bce0278becc2da7da3b8ef854bed41a991f4226911a24a9711baad672c"},
    {file = "numpy-1.22.2-cp310-cp310-manylinux_2_17_aarch64.manylinux2014_aarch64.whl", hash = "sha256:168259b1b184aa83a514f307352c25c56af111c269ffc109d9704e81f72e764b"},
    {file = "numpy-1.22.2-cp310-cp310-manylinux_2_17_x86_64.manylinux2014_x86_64.whl", hash = "sha256:3556c5550de40027d3121ebbb170f61bbe19eb639c7ad0c7b482cd9b560cd23b"},
    {file = "numpy-1.22.2-cp310-cp310-win_amd64.whl", hash = "sha256:aafa46b5a39a27aca566198d3312fb3bde95ce9677085efd02c86f7ef6be4ec7"},
    {file = "numpy-1.22.2-cp38-cp38-macosx_10_14_x86_64.whl", hash = "sha256:55535c7c2f61e2b2fc817c5cbe1af7cb907c7f011e46ae0a52caa4be1f19afe2"},
